// !$*UTF8*$!
{
	archiveVersion = 1;
	classes = {
	};
	objectVersion = 50;
	objects = {

/* Begin PBXBuildFile section */
		3B0539D92620F8B50034DDDC /* Record.swift in Sources */ = {isa = PBXBuildFile; fileRef = 3B0539D82620F8B50034DDDC /* Record.swift */; };
		3B0539DE2620FFBD0034DDDC /* RecordData.swift in Sources */ = {isa = PBXBuildFile; fileRef = 3B0539DD2620FFBD0034DDDC /* RecordData.swift */; };
		3B0539E1262113710034DDDC /* LeaderboardView.swift in Sources */ = {isa = PBXBuildFile; fileRef = 3B0539E0262113710034DDDC /* LeaderboardView.swift */; };
		3B22A224260C602A00C3E080 /* IOSGameHw03App.swift in Sources */ = {isa = PBXBuildFile; fileRef = 3B22A223260C602A00C3E080 /* IOSGameHw03App.swift */; };
		3B22A226260C602A00C3E080 /* ContentView.swift in Sources */ = {isa = PBXBuildFile; fileRef = 3B22A225260C602A00C3E080 /* ContentView.swift */; };
		3B22A228260C602B00C3E080 /* Assets.xcassets in Resources */ = {isa = PBXBuildFile; fileRef = 3B22A227260C602B00C3E080 /* Assets.xcassets */; };
		3B22A22B260C602B00C3E080 /* Preview Assets.xcassets in Resources */ = {isa = PBXBuildFile; fileRef = 3B22A22A260C602B00C3E080 /* Preview Assets.xcassets */; };
		3B2FC4772620872A009A4E5A /* ResultView.swift in Sources */ = {isa = PBXBuildFile; fileRef = 3B2FC4762620872A009A4E5A /* ResultView.swift */; };
		3B2FC47A2620903F009A4E5A /* Timer.swift in Sources */ = {isa = PBXBuildFile; fileRef = 3B2FC4792620903F009A4E5A /* Timer.swift */; };
		3B2FC47E262098D4009A4E5A /* AntiView.swift in Sources */ = {isa = PBXBuildFile; fileRef = 3B2FC47D262098D4009A4E5A /* AntiView.swift */; };
		3B2FC48526209EA3009A4E5A /* music.mp4 in Resources */ = {isa = PBXBuildFile; fileRef = 3B2FC48426209EA3009A4E5A /* music.mp4 */; };
		3B86A9BB261AE29F00B357A4 /* Wicked Mouse Demo.otf in Resources */ = {isa = PBXBuildFile; fileRef = 3B86A9BA261AE29F00B357A4 /* Wicked Mouse Demo.otf */; };
		3B86A9C3261AE51D00B357A4 /* GameView.swift in Sources */ = {isa = PBXBuildFile; fileRef = 3B86A9C2261AE51D00B357A4 /* GameView.swift */; };
		3B86A9C6261AE72400B357A4 /* Twiddlestix.otf in Resources */ = {isa = PBXBuildFile; fileRef = 3B86A9C5261AE72400B357A4 /* Twiddlestix.otf */; };
		3B86A9CA261AFCC200B357A4 /* Data.swift in Sources */ = {isa = PBXBuildFile; fileRef = 3B86A9C9261AFCC100B357A4 /* Data.swift */; };
/* End PBXBuildFile section */

/* Begin PBXFileReference section */
		3B0539D82620F8B50034DDDC /* Record.swift */ = {isa = PBXFileReference; lastKnownFileType = sourcecode.swift; path = Record.swift; sourceTree = "<group>"; };
		3B0539DD2620FFBD0034DDDC /* RecordData.swift */ = {isa = PBXFileReference; lastKnownFileType = sourcecode.swift; path = RecordData.swift; sourceTree = "<group>"; };
		3B0539E0262113710034DDDC /* LeaderboardView.swift */ = {isa = PBXFileReference; lastKnownFileType = sourcecode.swift; path = LeaderboardView.swift; sourceTree = "<group>"; };
		3B22A220260C602A00C3E080 /* IOSGameHw03.app */ = {isa = PBXFileReference; explicitFileType = wrapper.application; includeInIndex = 0; path = IOSGameHw03.app; sourceTree = BUILT_PRODUCTS_DIR; };
		3B22A223260C602A00C3E080 /* IOSGameHw03App.swift */ = {isa = PBXFileReference; lastKnownFileType = sourcecode.swift; path = IOSGameHw03App.swift; sourceTree = "<group>"; };
		3B22A225260C602A00C3E080 /* ContentView.swift */ = {isa = PBXFileReference; lastKnownFileType = sourcecode.swift; path = ContentView.swift; sourceTree = "<group>"; };
		3B22A227260C602B00C3E080 /* Assets.xcassets */ = {isa = PBXFileReference; lastKnownFileType = folder.assetcatalog; path = Assets.xcassets; sourceTree = "<group>"; };
		3B22A22A260C602B00C3E080 /* Preview Assets.xcassets */ = {isa = PBXFileReference; lastKnownFileType = folder.assetcatalog; path = "Preview Assets.xcassets"; sourceTree = "<group>"; };
		3B22A22C260C602B00C3E080 /* Info.plist */ = {isa = PBXFileReference; lastKnownFileType = text.plist.xml; path = Info.plist; sourceTree = "<group>"; };
		3B2FC4762620872A009A4E5A /* ResultView.swift */ = {isa = PBXFileReference; lastKnownFileType = sourcecode.swift; path = ResultView.swift; sourceTree = "<group>"; };
		3B2FC4792620903F009A4E5A /* Timer.swift */ = {isa = PBXFileReference; lastKnownFileType = sourcecode.swift; path = Timer.swift; sourceTree = "<group>"; };
		3B2FC47D262098D4009A4E5A /* AntiView.swift */ = {isa = PBXFileReference; lastKnownFileType = sourcecode.swift; path = AntiView.swift; sourceTree = "<group>"; };
		3B2FC48426209EA3009A4E5A /* music.mp4 */ = {isa = PBXFileReference; lastKnownFileType = file; path = music.mp4; sourceTree = SOURCE_ROOT; };
		3B86A9BA261AE29F00B357A4 /* Wicked Mouse Demo.otf */ = {isa = PBXFileReference; lastKnownFileType = file; name = "Wicked Mouse Demo.otf"; path = "wicked-mouse/Wicked Mouse Demo.otf"; sourceTree = SOURCE_ROOT; };
		3B86A9C2261AE51D00B357A4 /* GameView.swift */ = {isa = PBXFileReference; lastKnownFileType = sourcecode.swift; path = GameView.swift; sourceTree = "<group>"; };
		3B86A9C5261AE72400B357A4 /* Twiddlestix.otf */ = {isa = PBXFileReference; lastKnownFileType = file; name = Twiddlestix.otf; path = twiddlestix/Twiddlestix.otf; sourceTree = SOURCE_ROOT; };
		3B86A9C9261AFCC100B357A4 /* Data.swift */ = {isa = PBXFileReference; lastKnownFileType = sourcecode.swift; path = Data.swift; sourceTree = "<group>"; };
/* End PBXFileReference section */

/* Begin PBXFrameworksBuildPhase section */
		3B22A21D260C602A00C3E080 /* Frameworks */ = {
			isa = PBXFrameworksBuildPhase;
			buildActionMask = 2147483647;
			files = (
			);
			runOnlyForDeploymentPostprocessing = 0;
		};
/* End PBXFrameworksBuildPhase section */

/* Begin PBXGroup section */
		3B22A217260C602A00C3E080 = {
			isa = PBXGroup;
			children = (
				3B22A222260C602A00C3E080 /* IOSGameHw03 */,
				3B22A221260C602A00C3E080 /* Products */,
			);
			sourceTree = "<group>";
		};
		3B22A221260C602A00C3E080 /* Products */ = {
			isa = PBXGroup;
			children = (
				3B22A220260C602A00C3E080 /* IOSGameHw03.app */,
			);
			name = Products;
			sourceTree = "<group>";
		};
		3B22A222260C602A00C3E080 /* IOSGameHw03 */ = {
			isa = PBXGroup;
			children = (
				3B22A223260C602A00C3E080 /* IOSGameHw03App.swift */,
				3B22A225260C602A00C3E080 /* ContentView.swift */,
				3B2FC47D262098D4009A4E5A /* AntiView.swift */,
				3B86A9C2261AE51D00B357A4 /* GameView.swift */,
				3B2FC4762620872A009A4E5A /* ResultView.swift */,
				3B0539E0262113710034DDDC /* LeaderboardView.swift */,
				3B0539D82620F8B50034DDDC /* Record.swift */,
				3B0539DD2620FFBD0034DDDC /* RecordData.swift */,
				3B86A9C9261AFCC100B357A4 /* Data.swift */,
				3B2FC4792620903F009A4E5A /* Timer.swift */,
				3B2FC48426209EA3009A4E5A /* music.mp4 */,
				3B86A9BA261AE29F00B357A4 /* Wicked Mouse Demo.otf */,
				3B86A9C5261AE72400B357A4 /* Twiddlestix.otf */,
				3B22A227260C602B00C3E080 /* Assets.xcassets */,
				3B22A22C260C602B00C3E080 /* Info.plist */,
				3B22A229260C602B00C3E080 /* Preview Content */,
			);
			path = IOSGameHw03;
			sourceTree = "<group>";
		};
		3B22A229260C602B00C3E080 /* Preview Content */ = {
			isa = PBXGroup;
			children = (
				3B22A22A260C602B00C3E080 /* Preview Assets.xcassets */,
			);
			path = "Preview Content";
			sourceTree = "<group>";
		};
/* End PBXGroup section */

/* Begin PBXNativeTarget section */
		3B22A21F260C602A00C3E080 /* IOSGameHw03 */ = {
			isa = PBXNativeTarget;
			buildConfigurationList = 3B22A22F260C602B00C3E080 /* Build configuration list for PBXNativeTarget "IOSGameHw03" */;
			buildPhases = (
				3B22A21C260C602A00C3E080 /* Sources */,
				3B22A21D260C602A00C3E080 /* Frameworks */,
				3B22A21E260C602A00C3E080 /* Resources */,
			);
			buildRules = (
			);
			dependencies = (
			);
			name = IOSGameHw03;
			productName = IOSGameHw03;
			productReference = 3B22A220260C602A00C3E080 /* IOSGameHw03.app */;
			productType = "com.apple.product-type.application";
		};
/* End PBXNativeTarget section */

/* Begin PBXProject section */
		3B22A218260C602A00C3E080 /* Project object */ = {
			isa = PBXProject;
			attributes = {
				LastSwiftUpdateCheck = 1240;
				LastUpgradeCheck = 1240;
				TargetAttributes = {
					3B22A21F260C602A00C3E080 = {
						CreatedOnToolsVersion = 12.4;
					};
				};
			};
			buildConfigurationList = 3B22A21B260C602A00C3E080 /* Build configuration list for PBXProject "IOSGameHw03" */;
			compatibilityVersion = "Xcode 9.3";
			developmentRegion = en;
			hasScannedForEncodings = 0;
			knownRegions = (
				en,
				Base,
			);
			mainGroup = 3B22A217260C602A00C3E080;
			productRefGroup = 3B22A221260C602A00C3E080 /* Products */;
			projectDirPath = "";
			projectRoot = "";
			targets = (
				3B22A21F260C602A00C3E080 /* IOSGameHw03 */,
			);
		};
/* End PBXProject section */

/* Begin PBXResourcesBuildPhase section */
		3B22A21E260C602A00C3E080 /* Resources */ = {
			isa = PBXResourcesBuildPhase;
			buildActionMask = 2147483647;
			files = (
				3B86A9BB261AE29F00B357A4 /* Wicked Mouse Demo.otf in Resources */,
				3B22A22B260C602B00C3E080 /* Preview Assets.xcassets in Resources */,
				3B22A228260C602B00C3E080 /* Assets.xcassets in Resources */,
				3B2FC48526209EA3009A4E5A /* music.mp4 in Resources */,
				3B86A9C6261AE72400B357A4 /* Twiddlestix.otf in Resources */,
			);
			runOnlyForDeploymentPostprocessing = 0;
		};
/* End PBXResourcesBuildPhase section */

/* Begin PBXSourcesBuildPhase section */
		3B22A21C260C602A00C3E080 /* Sources */ = {
			isa = PBXSourcesBuildPhase;
			buildActionMask = 2147483647;
			files = (
				3B0539E1262113710034DDDC /* LeaderboardView.swift in Sources */,
				3B22A226260C602A00C3E080 /* ContentView.swift in Sources */,
				3B86A9C3261AE51D00B357A4 /* GameView.swift in Sources */,
				3B2FC4772620872A009A4E5A /* ResultView.swift in Sources */,
				3B2FC47E262098D4009A4E5A /* AntiView.swift in Sources */,
				3B2FC47A2620903F009A4E5A /* Timer.swift in Sources */,
				3B22A224260C602A00C3E080 /* IOSGameHw03App.swift in Sources */,
				3B0539D92620F8B50034DDDC /* Record.swift in Sources */,
				3B0539DE2620FFBD0034DDDC /* RecordData.swift in Sources */,
				3B86A9CA261AFCC200B357A4 /* Data.swift in Sources */,
			);
			runOnlyForDeploymentPostprocessing = 0;
		};
/* End PBXSourcesBuildPhase section */

/* Begin XCBuildConfiguration section */
		3B22A22D260C602B00C3E080 /* Debug */ = {
			isa = XCBuildConfiguration;
			buildSettings = {
				ALWAYS_SEARCH_USER_PATHS = NO;
				CLANG_ANALYZER_NONNULL = YES;
				CLANG_ANALYZER_NUMBER_OBJECT_CONVERSION = YES_AGGRESSIVE;
				CLANG_CXX_LANGUAGE_STANDARD = "gnu++14";
				CLANG_CXX_LIBRARY = "libc++";
				CLANG_ENABLE_MODULES = YES;
				CLANG_ENABLE_OBJC_ARC = YES;
				CLANG_ENABLE_OBJC_WEAK = YES;
				CLANG_WARN_BLOCK_CAPTURE_AUTORELEASING = YES;
				CLANG_WARN_BOOL_CONVERSION = YES;
				CLANG_WARN_COMMA = YES;
				CLANG_WARN_CONSTANT_CONVERSION = YES;
				CLANG_WARN_DEPRECATED_OBJC_IMPLEMENTATIONS = YES;
				CLANG_WARN_DIRECT_OBJC_ISA_USAGE = YES_ERROR;
				CLANG_WARN_DOCUMENTATION_COMMENTS = YES;
				CLANG_WARN_EMPTY_BODY = YES;
				CLANG_WARN_ENUM_CONVERSION = YES;
				CLANG_WARN_INFINITE_RECURSION = YES;
				CLANG_WARN_INT_CONVERSION = YES;
				CLANG_WARN_NON_LITERAL_NULL_CONVERSION = YES;
				CLANG_WARN_OBJC_IMPLICIT_RETAIN_SELF = YES;
				CLANG_WARN_OBJC_LITERAL_CONVERSION = YES;
				CLANG_WARN_OBJC_ROOT_CLASS = YES_ERROR;
				CLANG_WARN_QUOTED_INCLUDE_IN_FRAMEWORK_HEADER = YES;
				CLANG_WARN_RANGE_LOOP_ANALYSIS = YES;
				CLANG_WARN_STRICT_PROTOTYPES = YES;
				CLANG_WARN_SUSPICIOUS_MOVE = YES;
				CLANG_WARN_UNGUARDED_AVAILABILITY = YES_AGGRESSIVE;
				CLANG_WARN_UNREACHABLE_CODE = YES;
				CLANG_WARN__DUPLICATE_METHOD_MATCH = YES;
				COPY_PHASE_STRIP = NO;
				DEBUG_INFORMATION_FORMAT = dwarf;
				ENABLE_STRICT_OBJC_MSGSEND = YES;
				ENABLE_TESTABILITY = YES;
				GCC_C_LANGUAGE_STANDARD = gnu11;
				GCC_DYNAMIC_NO_PIC = NO;
				GCC_NO_COMMON_BLOCKS = YES;
				GCC_OPTIMIZATION_LEVEL = 0;
				GCC_PREPROCESSOR_DEFINITIONS = (
					"DEBUG=1",
					"$(inherited)",
				);
				GCC_WARN_64_TO_32_BIT_CONVERSION = YES;
				GCC_WARN_ABOUT_RETURN_TYPE = YES_ERROR;
				GCC_WARN_UNDECLARED_SELECTOR = YES;
				GCC_WARN_UNINITIALIZED_AUTOS = YES_AGGRESSIVE;
				GCC_WARN_UNUSED_FUNCTION = YES;
				GCC_WARN_UNUSED_VARIABLE = YES;
				IPHONEOS_DEPLOYMENT_TARGET = 14.4;
				MTL_ENABLE_DEBUG_INFO = INCLUDE_SOURCE;
				MTL_FAST_MATH = YES;
				ONLY_ACTIVE_ARCH = YES;
				SDKROOT = iphoneos;
				SWIFT_ACTIVE_COMPILATION_CONDITIONS = DEBUG;
				SWIFT_OPTIMIZATION_LEVEL = "-Onone";
			};
			name = Debug;
		};
		3B22A22E260C602B00C3E080 /* Release */ = {
			isa = XCBuildConfiguration;
			buildSettings = {
				ALWAYS_SEARCH_USER_PATHS = NO;
				CLANG_ANALYZER_NONNULL = YES;
				CLANG_ANALYZER_NUMBER_OBJECT_CONVERSION = YES_AGGRESSIVE;
				CLANG_CXX_LANGUAGE_STANDARD = "gnu++14";
				CLANG_CXX_LIBRARY = "libc++";
				CLANG_ENABLE_MODULES = YES;
				CLANG_ENABLE_OBJC_ARC = YES;
				CLANG_ENABLE_OBJC_WEAK = YES;
				CLANG_WARN_BLOCK_CAPTURE_AUTORELEASING = YES;
				CLANG_WARN_BOOL_CONVERSION = YES;
				CLANG_WARN_COMMA = YES;
				CLANG_WARN_CONSTANT_CONVERSION = YES;
				CLANG_WARN_DEPRECATED_OBJC_IMPLEMENTATIONS = YES;
				CLANG_WARN_DIRECT_OBJC_ISA_USAGE = YES_ERROR;
				CLANG_WARN_DOCUMENTATION_COMMENTS = YES;
				CLANG_WARN_EMPTY_BODY = YES;
				CLANG_WARN_ENUM_CONVERSION = YES;
				CLANG_WARN_INFINITE_RECURSION = YES;
				CLANG_WARN_INT_CONVERSION = YES;
				CLANG_WARN_NON_LITERAL_NULL_CONVERSION = YES;
				CLANG_WARN_OBJC_IMPLICIT_RETAIN_SELF = YES;
				CLANG_WARN_OBJC_LITERAL_CONVERSION = YES;
				CLANG_WARN_OBJC_ROOT_CLASS = YES_ERROR;
				CLANG_WARN_QUOTED_INCLUDE_IN_FRAMEWORK_HEADER = YES;
				CLANG_WARN_RANGE_LOOP_ANALYSIS = YES;
				CLANG_WARN_STRICT_PROTOTYPES = YES;
				CLANG_WARN_SUSPICIOUS_MOVE = YES;
				CLANG_WARN_UNGUARDED_AVAILABILITY = YES_AGGRESSIVE;
				CLANG_WARN_UNREACHABLE_CODE = YES;
				CLANG_WARN__DUPLICATE_METHOD_MATCH = YES;
				COPY_PHASE_STRIP = NO;
				DEBUG_INFORMATION_FORMAT = "dwarf-with-dsym";
				ENABLE_NS_ASSERTIONS = NO;
				ENABLE_STRICT_OBJC_MSGSEND = YES;
				GCC_C_LANGUAGE_STANDARD = gnu11;
				GCC_NO_COMMON_BLOCKS = YES;
				GCC_WARN_64_TO_32_BIT_CONVERSION = YES;
				GCC_WARN_ABOUT_RETURN_TYPE = YES_ERROR;
				GCC_WARN_UNDECLARED_SELECTOR = YES;
				GCC_WARN_UNINITIALIZED_AUTOS = YES_AGGRESSIVE;
				GCC_WARN_UNUSED_FUNCTION = YES;
				GCC_WARN_UNUSED_VARIABLE = YES;
				IPHONEOS_DEPLOYMENT_TARGET = 14.4;
				MTL_ENABLE_DEBUG_INFO = NO;
				MTL_FAST_MATH = YES;
				SDKROOT = iphoneos;
				SWIFT_COMPILATION_MODE = wholemodule;
				SWIFT_OPTIMIZATION_LEVEL = "-O";
				VALIDATE_PRODUCT = YES;
			};
			name = Release;
		};
		3B22A230260C602B00C3E080 /* Debug */ = {
			isa = XCBuildConfiguration;
			buildSettings = {
				ASSETCATALOG_COMPILER_APPICON_NAME = AppIcon;
				ASSETCATALOG_COMPILER_GLOBAL_ACCENT_COLOR_NAME = AccentColor;
				CODE_SIGN_STYLE = Automatic;
				DEVELOPMENT_ASSET_PATHS = "\"IOSGameHw03/Preview Content\"";
				DEVELOPMENT_TEAM = K624ZP356A;
				ENABLE_PREVIEWS = YES;
				INFOPLIST_FILE = IOSGameHw03/Info.plist;
				IPHONEOS_DEPLOYMENT_TARGET = 14.0;
				LD_RUNPATH_SEARCH_PATHS = (
					"$(inherited)",
					"@executable_path/Frameworks",
				);
				PRODUCT_BUNDLE_IDENTIFIER = IOS.IOSGameHw03;
				PRODUCT_NAME = "$(TARGET_NAME)";
				SWIFT_VERSION = 5.0;
				TARGETED_DEVICE_FAMILY = "1,2";
			};
			name = Debug;
		};
		3B22A231260C602B00C3E080 /* Release */ = {
			isa = XCBuildConfiguration;
			buildSettings = {
				ASSETCATALOG_COMPILER_APPICON_NAME = AppIcon;
				ASSETCATALOG_COMPILER_GLOBAL_ACCENT_COLOR_NAME = AccentColor;
				CODE_SIGN_STYLE = Automatic;
				DEVELOPMENT_ASSET_PATHS = "\"IOSGameHw03/Preview Content\"";
				DEVELOPMENT_TEAM = K624ZP356A;
				ENABLE_PREVIEWS = YES;
				INFOPLIST_FILE = IOSGameHw03/Info.plist;
				IPHONEOS_DEPLOYMENT_TARGET = 14.0;
				LD_RUNPATH_SEARCH_PATHS = (
					"$(inherited)",
					"@executable_path/Frameworks",
				);
				PRODUCT_BUNDLE_IDENTIFIER = IOS.IOSGameHw03;
				PRODUCT_NAME = "$(TARGET_NAME)";
				SWIFT_VERSION = 5.0;
				TARGETED_DEVICE_FAMILY = "1,2";
			};
			name = Release;
		};
/* End XCBuildConfiguration section */

/* Begin XCConfigurationList section */
		3B22A21B260C602A00C3E080 /* Build configuration list for PBXProject "IOSGameHw03" */ = {
			isa = XCConfigurationList;
			buildConfigurations = (
				3B22A22D260C602B00C3E080 /* Debug */,
				3B22A22E260C602B00C3E080 /* Release */,
			);
			defaultConfigurationIsVisible = 0;
			defaultConfigurationName = Release;
		};
		3B22A22F260C602B00C3E080 /* Build configuration list for PBXNativeTarget "IOSGameHw03" */ = {
			isa = XCConfigurationList;
			buildConfigurations = (
				3B22A230260C602B00C3E080 /* Debug */,
				3B22A231260C602B00C3E080 /* Release */,
			);
			defaultConfigurationIsVisible = 0;
			defaultConfigurationName = Release;
		};
/* End XCConfigurationList section */
	};
	rootObject = 3B22A218260C602A00C3E080 /* Project object */;
}
